PODS:
  - ScrollingPageControl (1.0.0)

DEPENDENCIES:
  - ScrollingPageControl (from `../`)

EXTERNAL SOURCES:
  ScrollingPageControl:
    :path: "../"

SPEC CHECKSUMS:
  ScrollingPageControl: 9433cc140ed0928bc8a45e29cd79558163193a0b

PODFILE CHECKSUM: 4a14006f3ae58dc8b4e6f5a708c3d7f306f9c2e0

COCOAPODS: 1.14.2
